version = 1
revision = 2
requires-python = ">=3.11"

[[package]]
name = "footballpitchsvggenerator"
version = "0.0.1"
source = { virtual = "." }
dependencies = [
    { name = "wasmer" },
    { name = "wasmer-compiler-cranelift" },
]

[package.metadata]
requires-dist = [
    { name = "wasmer", specifier = ">=1.1.0" },
    { name = "wasmer-compiler-cranelift", specifier = ">=1.1.0" },
]

[[package]]
name = "wasmer"
version = "1.1.0"
source = { registry = "https://pypi.org/simple" }
wheels = [
    { url = "https://files.pythonhosted.org/packages/39/6b/30e25924cae7add377f5601e71c778e9a1e515c7a58291f52756c1bb7e87/wasmer-1.1.0-py3-none-any.whl", hash = "sha256:2caf8c67feae9cd4246421551036917811c446da4f27ad4c989521ef42751931", size = 1617, upload-time = "2022-01-07T23:24:10.046Z" },
]

[[package]]
name = "wasmer-compiler-cranelift"
version = "1.1.0"
source = { registry = "https://pypi.org/simple" }
wheels = [
    { url = "https://files.pythonhosted.org/packages/28/fa/26489c8f25470a3d50994aac8ebeabb2ca7f88874a15e0e77272b3a912c4/wasmer_compiler_cranelift-1.1.0-py3-none-any.whl", hash = "sha256:200fea80609cfb088457327acf66d5aa61f4c4f66b5a71133ada960b534c7355", size = 1866, upload-time = "2022-01-07T23:24:26.736Z" },
]
